
Microsoft Visual Studio Solution File, Format Version 12.00
# Visual Studio Version 17
VisualStudioVersion = 17.8.34525.116
MinimumVisualStudioVersion = 10.0.40219.1
Project("{FAE04EC0-301F-11D3-BF4B-00C04F79EFBC}") = "DocumentServer", "DocumentServer.csproj", "{A7389405-6051-46C7-B766-D9FFD4C05DD5}"
EndProject
Project("{FAE04EC0-301F-11D3-BF4B-00C04F79EFBC}") = "DocumentServer.Db", "..\DocumentServer.Db\DocumentServer.Db.csproj", "{EBEC7E5A-C0F6-4BDD-92B6-88763C41213D}"
EndProject
Project("{FAE04EC0-301F-11D3-BF4B-00C04F79EFBC}") = "DocumentServer.Models", "..\DocumentServer.Models\DocumentServer.Models.csproj", "{8546DC54-287B-46A5-A26A-C3F631019A0B}"
EndProject
Project("{FAE04EC0-301F-11D3-BF4B-00C04F79EFBC}") = "DocumentServer.Core", "..\DocumentServer.Core\DocumentServer.Core.csproj", "{E89486FC-BC6C-4530-BFEE-CE39CF8D1AC4}"
EndProject
Project("{FAE04EC0-301F-11D3-BF4B-00C04F79EFBC}") = "ConsoleTesting", "..\ConsoleTesting\ConsoleTesting.csproj", "{05FDBC1D-23E7-48B9-A7E8-96B53C61F286}"
EndProject
Global
	GlobalSection(SolutionConfigurationPlatforms) = preSolution
		Debug|Any CPU = Debug|Any CPU
		Release|Any CPU = Release|Any CPU
	EndGlobalSection
	GlobalSection(ProjectConfigurationPlatforms) = postSolution
		{A7389405-6051-46C7-B766-D9FFD4C05DD5}.Debug|Any CPU.ActiveCfg = Debug|Any CPU
		{A7389405-6051-46C7-B766-D9FFD4C05DD5}.Debug|Any CPU.Build.0 = Debug|Any CPU
		{A7389405-6051-46C7-B766-D9FFD4C05DD5}.Release|Any CPU.ActiveCfg = Release|Any CPU
		{A7389405-6051-46C7-B766-D9FFD4C05DD5}.Release|Any CPU.Build.0 = Release|Any CPU
		{EBEC7E5A-C0F6-4BDD-92B6-88763C41213D}.Debug|Any CPU.ActiveCfg = Debug|Any CPU
		{EBEC7E5A-C0F6-4BDD-92B6-88763C41213D}.Debug|Any CPU.Build.0 = Debug|Any CPU
		{EBEC7E5A-C0F6-4BDD-92B6-88763C41213D}.Release|Any CPU.ActiveCfg = Release|Any CPU
		{EBEC7E5A-C0F6-4BDD-92B6-88763C41213D}.Release|Any CPU.Build.0 = Release|Any CPU
		{8546DC54-287B-46A5-A26A-C3F631019A0B}.Debug|Any CPU.ActiveCfg = Debug|Any CPU
		{8546DC54-287B-46A5-A26A-C3F631019A0B}.Debug|Any CPU.Build.0 = Debug|Any CPU
		{8546DC54-287B-46A5-A26A-C3F631019A0B}.Release|Any CPU.ActiveCfg = Release|Any CPU
		{8546DC54-287B-46A5-A26A-C3F631019A0B}.Release|Any CPU.Build.0 = Release|Any CPU
		{E89486FC-BC6C-4530-BFEE-CE39CF8D1AC4}.Debug|Any CPU.ActiveCfg = Debug|Any CPU
		{E89486FC-BC6C-4530-BFEE-CE39CF8D1AC4}.Debug|Any CPU.Build.0 = Debug|Any CPU
		{E89486FC-BC6C-4530-BFEE-CE39CF8D1AC4}.Release|Any CPU.ActiveCfg = Release|Any CPU
		{E89486FC-BC6C-4530-BFEE-CE39CF8D1AC4}.Release|Any CPU.Build.0 = Release|Any CPU
		{05FDBC1D-23E7-48B9-A7E8-96B53C61F286}.Debug|Any CPU.ActiveCfg = Debug|Any CPU
		{05FDBC1D-23E7-48B9-A7E8-96B53C61F286}.Debug|Any CPU.Build.0 = Debug|Any CPU
		{05FDBC1D-23E7-48B9-A7E8-96B53C61F286}.Release|Any CPU.ActiveCfg = Release|Any CPU
		{05FDBC1D-23E7-48B9-A7E8-96B53C61F286}.Release|Any CPU.Build.0 = Release|Any CPU
	EndGlobalSection
	GlobalSection(SolutionProperties) = preSolution
		HideSolutionNode = FALSE
	EndGlobalSection
	GlobalSection(ExtensibilityGlobals) = postSolution
		SolutionGuid = {3B03C4AE-C869-4B03-8157-907068494193}
	EndGlobalSection
EndGlobal
